
Microsoft Visual Studio Solution File, Format Version 12.00
# Visual Studio Version 16
VisualStudioVersion = 16.0.29230.47
MinimumVisualStudioVersion = 10.0.40219.1
Project("{FAE04EC0-301F-11D3-BF4B-00C04F79EFBC}") = "WebBrowser.UI", "WebBrowser.UI\WebBrowser.UI.csproj", "{181418BF-F674-4888-ADD2-A4379DAA51CA}"
EndProject
Project("{FAE04EC0-301F-11D3-BF4B-00C04F79EFBC}") = "WebBrowser.Logic", "WebBrowser.Logic\WebBrowser.Logic.csproj", "{30212F3E-9536-47EA-B7C5-D85DB8159D31}"
EndProject
Project("{FAE04EC0-301F-11D3-BF4B-00C04F79EFBC}") = "WebBrowser.Data", "WebBrowser.Data\WebBrowser.Data.csproj", "{5D34058A-8155-4E85-9101-2C47CC41F209}"
EndProject
Project("{FAE04EC0-301F-11D3-BF4B-00C04F79EFBC}") = "windowsMainForm", "windowsMainForm\windowsMainForm.csproj", "{B212AB74-3382-406C-929D-443BFC0B9867}"
EndProject
Global
	GlobalSection(SolutionConfigurationPlatforms) = preSolution
		Debug|Any CPU = Debug|Any CPU
		Release|Any CPU = Release|Any CPU
	EndGlobalSection
	GlobalSection(ProjectConfigurationPlatforms) = postSolution
		{181418BF-F674-4888-ADD2-A4379DAA51CA}.Debug|Any CPU.ActiveCfg = Debug|Any CPU
		{181418BF-F674-4888-ADD2-A4379DAA51CA}.Debug|Any CPU.Build.0 = Debug|Any CPU
		{181418BF-F674-4888-ADD2-A4379DAA51CA}.Release|Any CPU.ActiveCfg = Release|Any CPU
		{181418BF-F674-4888-ADD2-A4379DAA51CA}.Release|Any CPU.Build.0 = Release|Any CPU
		{30212F3E-9536-47EA-B7C5-D85DB8159D31}.Debug|Any CPU.ActiveCfg = Debug|Any CPU
		{30212F3E-9536-47EA-B7C5-D85DB8159D31}.Debug|Any CPU.Build.0 = Debug|Any CPU
		{30212F3E-9536-47EA-B7C5-D85DB8159D31}.Release|Any CPU.ActiveCfg = Release|Any CPU
		{30212F3E-9536-47EA-B7C5-D85DB8159D31}.Release|Any CPU.Build.0 = Release|Any CPU
		{5D34058A-8155-4E85-9101-2C47CC41F209}.Debug|Any CPU.ActiveCfg = Debug|Any CPU
		{5D34058A-8155-4E85-9101-2C47CC41F209}.Debug|Any CPU.Build.0 = Debug|Any CPU
		{5D34058A-8155-4E85-9101-2C47CC41F209}.Release|Any CPU.ActiveCfg = Release|Any CPU
		{5D34058A-8155-4E85-9101-2C47CC41F209}.Release|Any CPU.Build.0 = Release|Any CPU
		{B212AB74-3382-406C-929D-443BFC0B9867}.Debug|Any CPU.ActiveCfg = Debug|Any CPU
		{B212AB74-3382-406C-929D-443BFC0B9867}.Debug|Any CPU.Build.0 = Debug|Any CPU
		{B212AB74-3382-406C-929D-443BFC0B9867}.Release|Any CPU.ActiveCfg = Release|Any CPU
		{B212AB74-3382-406C-929D-443BFC0B9867}.Release|Any CPU.Build.0 = Release|Any CPU
	EndGlobalSection
	GlobalSection(SolutionProperties) = preSolution
		HideSolutionNode = FALSE
	EndGlobalSection
	GlobalSection(ExtensibilityGlobals) = postSolution
		SolutionGuid = {76B1846B-D9C1-4929-8AA0-DEEE04161B43}
	EndGlobalSection
EndGlobal
